// !$*UTF8*$!
{
	archiveVersion = 1;
	classes = {
	};
	objectVersion = 46;
	objects = {

/* Begin PBXBuildFile section */
		15CF74EF1C557DCB00363A0D /* main.m in Sources */ = {isa = PBXBuildFile; fileRef = 15CF74EE1C557DCB00363A0D /* main.m */; };
		15CF74F21C557DCB00363A0D /* AppDelegate.m in Sources */ = {isa = PBXBuildFile; fileRef = 15CF74F11C557DCB00363A0D /* AppDelegate.m */; };
		15CF74F51C557DCB00363A0D /* ViewController.m in Sources */ = {isa = PBXBuildFile; fileRef = 15CF74F41C557DCB00363A0D /* ViewController.m */; };
		15CF74F81C557DCB00363A0D /* Main.storyboard in Resources */ = {isa = PBXBuildFile; fileRef = 15CF74F61C557DCB00363A0D /* Main.storyboard */; };
		15CF74FA1C557DCB00363A0D /* Assets.xcassets in Resources */ = {isa = PBXBuildFile; fileRef = 15CF74F91C557DCB00363A0D /* Assets.xcassets */; };
		15CF74FD1C557DCB00363A0D /* LaunchScreen.storyboard in Resources */ = {isa = PBXBuildFile; fileRef = 15CF74FB1C557DCB00363A0D /* LaunchScreen.storyboard */; };
		15CF75081C557DCB00363A0D /* helloWorldAssessmentTests.m in Sources */ = {isa = PBXBuildFile; fileRef = 15CF75071C557DCB00363A0D /* helloWorldAssessmentTests.m */; };
		15CF75131C557DCB00363A0D /* helloWorldAssessmentUITests.m in Sources */ = {isa = PBXBuildFile; fileRef = 15CF75121C557DCB00363A0D /* helloWorldAssessmentUITests.m */; };
		15CF75211C57454A00363A0D /* MapKit.framework in Frameworks */ = {isa = PBXBuildFile; fileRef = 15CF75201C57454A00363A0D /* MapKit.framework */; };
		15CF75261C5775E000363A0D /* LocationListCell.m in Sources */ = {isa = PBXBuildFile; fileRef = 15CF75251C5775E000363A0D /* LocationListCell.m */; };
		15CF75291C57794000363A0D /* CoreLocation.framework in Frameworks */ = {isa = PBXBuildFile; fileRef = 15CF75281C57794000363A0D /* CoreLocation.framework */; };
		15CF752F1C577C0E00363A0D /* LocationListBuilder.m in Sources */ = {isa = PBXBuildFile; fileRef = 15CF752E1C577C0E00363A0D /* LocationListBuilder.m */; };
		15CF75311C577E3900363A0D /* JSONCommunication.m in Sources */ = {isa = PBXBuildFile; fileRef = 15CF75301C577E3900363A0D /* JSONCommunication.m */; };
		15CF75371C5782FB00363A0D /* LocationManager.m in Sources */ = {isa = PBXBuildFile; fileRef = 15CF75361C5782FB00363A0D /* LocationManager.m */; };
		15CF753A1C579C9300363A0D /* Foundation.framework in Frameworks */ = {isa = PBXBuildFile; fileRef = 15CF75391C579C9300363A0D /* Foundation.framework */; };
		15CF753C1C57A12000363A0D /* Location.m in Sources */ = {isa = PBXBuildFile; fileRef = 15CF753B1C57A12000363A0D /* Location.m */; };
		15CF753F1C57A2AD00363A0D /* DetailViewController.m in Sources */ = {isa = PBXBuildFile; fileRef = 15CF753E1C57A2AD00363A0D /* DetailViewController.m */; };
/* End PBXBuildFile section */

/* Begin PBXContainerItemProxy section */
		15CF75041C557DCB00363A0D /* PBXContainerItemProxy */ = {
			isa = PBXContainerItemProxy;
			containerPortal = 15CF74E21C557DCB00363A0D /* Project object */;
			proxyType = 1;
			remoteGlobalIDString = 15CF74E91C557DCB00363A0D;
			remoteInfo = helloWorldAssessment;
		};
		15CF750F1C557DCB00363A0D /* PBXContainerItemProxy */ = {
			isa = PBXContainerItemProxy;
			containerPortal = 15CF74E21C557DCB00363A0D /* Project object */;
			proxyType = 1;
			remoteGlobalIDString = 15CF74E91C557DCB00363A0D;
			remoteInfo = helloWorldAssessment;
		};
/* End PBXContainerItemProxy section */

/* Begin PBXFileReference section */
		15CF74EA1C557DCB00363A0D /* helloWorldAssessment.app */ = {isa = PBXFileReference; explicitFileType = wrapper.application; includeInIndex = 0; path = helloWorldAssessment.app; sourceTree = BUILT_PRODUCTS_DIR; };
		15CF74EE1C557DCB00363A0D /* main.m */ = {isa = PBXFileReference; lastKnownFileType = sourcecode.c.objc; path = main.m; sourceTree = "<group>"; };
		15CF74F01C557DCB00363A0D /* AppDelegate.h */ = {isa = PBXFileReference; lastKnownFileType = sourcecode.c.h; path = AppDelegate.h; sourceTree = "<group>"; };
		15CF74F11C557DCB00363A0D /* AppDelegate.m */ = {isa = PBXFileReference; lastKnownFileType = sourcecode.c.objc; path = AppDelegate.m; sourceTree = "<group>"; };
		15CF74F31C557DCB00363A0D /* ViewController.h */ = {isa = PBXFileReference; lastKnownFileType = sourcecode.c.h; path = ViewController.h; sourceTree = "<group>"; };
		15CF74F41C557DCB00363A0D /* ViewController.m */ = {isa = PBXFileReference; lastKnownFileType = sourcecode.c.objc; path = ViewController.m; sourceTree = "<group>"; };
		15CF74F71C557DCB00363A0D /* Base */ = {isa = PBXFileReference; lastKnownFileType = file.storyboard; name = Base; path = Base.lproj/Main.storyboard; sourceTree = "<group>"; };
		15CF74F91C557DCB00363A0D /* Assets.xcassets */ = {isa = PBXFileReference; lastKnownFileType = folder.assetcatalog; path = Assets.xcassets; sourceTree = "<group>"; };
		15CF74FC1C557DCB00363A0D /* Base */ = {isa = PBXFileReference; lastKnownFileType = file.storyboard; name = Base; path = Base.lproj/LaunchScreen.storyboard; sourceTree = "<group>"; };
		15CF74FE1C557DCB00363A0D /* Info.plist */ = {isa = PBXFileReference; lastKnownFileType = text.plist.xml; path = Info.plist; sourceTree = "<group>"; };
		15CF75031C557DCB00363A0D /* helloWorldAssessmentTests.xctest */ = {isa = PBXFileReference; explicitFileType = wrapper.cfbundle; includeInIndex = 0; path = helloWorldAssessmentTests.xctest; sourceTree = BUILT_PRODUCTS_DIR; };
		15CF75071C557DCB00363A0D /* helloWorldAssessmentTests.m */ = {isa = PBXFileReference; lastKnownFileType = sourcecode.c.objc; path = helloWorldAssessmentTests.m; sourceTree = "<group>"; };
		15CF75091C557DCB00363A0D /* Info.plist */ = {isa = PBXFileReference; lastKnownFileType = text.plist.xml; path = Info.plist; sourceTree = "<group>"; };
		15CF750E1C557DCB00363A0D /* helloWorldAssessmentUITests.xctest */ = {isa = PBXFileReference; explicitFileType = wrapper.cfbundle; includeInIndex = 0; path = helloWorldAssessmentUITests.xctest; sourceTree = BUILT_PRODUCTS_DIR; };
		15CF75121C557DCB00363A0D /* helloWorldAssessmentUITests.m */ = {isa = PBXFileReference; lastKnownFileType = sourcecode.c.objc; path = helloWorldAssessmentUITests.m; sourceTree = "<group>"; };
		15CF75141C557DCB00363A0D /* Info.plist */ = {isa = PBXFileReference; lastKnownFileType = text.plist.xml; path = Info.plist; sourceTree = "<group>"; };
		15CF75201C57454A00363A0D /* MapKit.framework */ = {isa = PBXFileReference; lastKnownFileType = wrapper.framework; name = MapKit.framework; path = System/Library/Frameworks/MapKit.framework; sourceTree = SDKROOT; };
		15CF75251C5775E000363A0D /* LocationListCell.m */ = {isa = PBXFileReference; fileEncoding = 4; lastKnownFileType = sourcecode.c.objc; path = LocationListCell.m; sourceTree = "<group>"; };
		15CF75271C57765D00363A0D /* LocationListCell.h */ = {isa = PBXFileReference; fileEncoding = 4; lastKnownFileType = sourcecode.c.h; path = LocationListCell.h; sourceTree = "<group>"; };
		15CF75281C57794000363A0D /* CoreLocation.framework */ = {isa = PBXFileReference; lastKnownFileType = wrapper.framework; name = CoreLocation.framework; path = System/Library/Frameworks/CoreLocation.framework; sourceTree = SDKROOT; };
		15CF752B1C577A0100363A0D /* JSONCommunicationDelegate.h */ = {isa = PBXFileReference; fileEncoding = 4; lastKnownFileType = sourcecode.c.h; path = JSONCommunicationDelegate.h; sourceTree = "<group>"; };
		15CF752C1C577AA200363A0D /* JSONCommunication.h */ = {isa = PBXFileReference; fileEncoding = 4; lastKnownFileType = sourcecode.c.h; path = JSONCommunication.h; sourceTree = "<group>"; };
		15CF752D1C577BEB00363A0D /* LocationListBuilder.h */ = {isa = PBXFileReference; fileEncoding = 4; lastKnownFileType = sourcecode.c.h; path = LocationListBuilder.h; sourceTree = "<group>"; };
		15CF752E1C577C0E00363A0D /* LocationListBuilder.m */ = {isa = PBXFileReference; fileEncoding = 4; lastKnownFileType = sourcecode.c.objc; path = LocationListBuilder.m; sourceTree = "<group>"; };
		15CF75301C577E3900363A0D /* JSONCommunication.m */ = {isa = PBXFileReference; fileEncoding = 4; lastKnownFileType = sourcecode.c.objc; path = JSONCommunication.m; sourceTree = "<group>"; };
		15CF75341C577EE900363A0D /* Location.h */ = {isa = PBXFileReference; lastKnownFileType = sourcecode.c.h; path = Location.h; sourceTree = "<group>"; };
		15CF75351C5782D600363A0D /* LocationManager.h */ = {isa = PBXFileReference; lastKnownFileType = sourcecode.c.h; path = LocationManager.h; sourceTree = "<group>"; };
		15CF75361C5782FB00363A0D /* LocationManager.m */ = {isa = PBXFileReference; fileEncoding = 4; lastKnownFileType = sourcecode.c.objc; path = LocationManager.m; sourceTree = "<group>"; };
		15CF75381C57832900363A0D /* LocationManagerDelegate.h */ = {isa = PBXFileReference; lastKnownFileType = sourcecode.c.h; path = LocationManagerDelegate.h; sourceTree = "<group>"; };
		15CF75391C579C9300363A0D /* Foundation.framework */ = {isa = PBXFileReference; lastKnownFileType = wrapper.framework; name = Foundation.framework; path = System/Library/Frameworks/Foundation.framework; sourceTree = SDKROOT; };
		15CF753B1C57A12000363A0D /* Location.m */ = {isa = PBXFileReference; fileEncoding = 4; lastKnownFileType = sourcecode.c.objc; path = Location.m; sourceTree = "<group>"; };
		15CF753D1C57A2AD00363A0D /* DetailViewController.h */ = {isa = PBXFileReference; fileEncoding = 4; lastKnownFileType = sourcecode.c.h; path = DetailViewController.h; sourceTree = "<group>"; };
		15CF753E1C57A2AD00363A0D /* DetailViewController.m */ = {isa = PBXFileReference; fileEncoding = 4; lastKnownFileType = sourcecode.c.objc; path = DetailViewController.m; sourceTree = "<group>"; };
/* End PBXFileReference section */

/* Begin PBXFrameworksBuildPhase section */
		15CF74E71C557DCB00363A0D /* Frameworks */ = {
			isa = PBXFrameworksBuildPhase;
			buildActionMask = 2147483647;
			files = (
				15CF753A1C579C9300363A0D /* Foundation.framework in Frameworks */,
				15CF75291C57794000363A0D /* CoreLocation.framework in Frameworks */,
				15CF75211C57454A00363A0D /* MapKit.framework in Frameworks */,
			);
			runOnlyForDeploymentPostprocessing = 0;
		};
		15CF75001C557DCB00363A0D /* Frameworks */ = {
			isa = PBXFrameworksBuildPhase;
			buildActionMask = 2147483647;
			files = (
			);
			runOnlyForDeploymentPostprocessing = 0;
		};
		15CF750B1C557DCB00363A0D /* Frameworks */ = {
			isa = PBXFrameworksBuildPhase;
			buildActionMask = 2147483647;
			files = (
			);
			runOnlyForDeploymentPostprocessing = 0;
		};
/* End PBXFrameworksBuildPhase section */

/* Begin PBXGroup section */
		15CF74E11C557DCB00363A0D = {
			isa = PBXGroup;
			children = (
				15CF752A1C57795A00363A0D /* Frameworks */,
				15CF74EC1C557DCB00363A0D /* helloWorldAssessment */,
				15CF75061C557DCB00363A0D /* helloWorldAssessmentTests */,
				15CF75111C557DCB00363A0D /* helloWorldAssessmentUITests */,
				15CF74EB1C557DCB00363A0D /* Products */,
			);
			sourceTree = "<group>";
		};
		15CF74EB1C557DCB00363A0D /* Products */ = {
			isa = PBXGroup;
			children = (
				15CF74EA1C557DCB00363A0D /* helloWorldAssessment.app */,
				15CF75031C557DCB00363A0D /* helloWorldAssessmentTests.xctest */,
				15CF750E1C557DCB00363A0D /* helloWorldAssessmentUITests.xctest */,
			);
			name = Products;
			sourceTree = "<group>";
		};
		15CF74EC1C557DCB00363A0D /* helloWorldAssessment */ = {
			isa = PBXGroup;
			children = (
				15CF74F01C557DCB00363A0D /* AppDelegate.h */,
				15CF74F11C557DCB00363A0D /* AppDelegate.m */,
				15CF74F31C557DCB00363A0D /* ViewController.h */,
				15CF74F41C557DCB00363A0D /* ViewController.m */,
				15CF74F61C557DCB00363A0D /* Main.storyboard */,
				15CF753D1C57A2AD00363A0D /* DetailViewController.h */,
				15CF753E1C57A2AD00363A0D /* DetailViewController.m */,
				15CF74F91C557DCB00363A0D /* Assets.xcassets */,
				15CF74FB1C557DCB00363A0D /* LaunchScreen.storyboard */,
				15CF74FE1C557DCB00363A0D /* Info.plist */,
				15CF74ED1C557DCB00363A0D /* Supporting Files */,
				15CF75271C57765D00363A0D /* LocationListCell.h */,
				15CF75251C5775E000363A0D /* LocationListCell.m */,
				15CF75341C577EE900363A0D /* Location.h */,
				15CF753B1C57A12000363A0D /* Location.m */,
				15CF75381C57832900363A0D /* LocationManagerDelegate.h */,
				15CF75351C5782D600363A0D /* LocationManager.h */,
				15CF75361C5782FB00363A0D /* LocationManager.m */,
				15CF752B1C577A0100363A0D /* JSONCommunicationDelegate.h */,
				15CF752C1C577AA200363A0D /* JSONCommunication.h */,
				15CF75301C577E3900363A0D /* JSONCommunication.m */,
				15CF752D1C577BEB00363A0D /* LocationListBuilder.h */,
				15CF752E1C577C0E00363A0D /* LocationListBuilder.m */,
			);
			path = helloWorldAssessment;
			sourceTree = "<group>";
		};
		15CF74ED1C557DCB00363A0D /* Supporting Files */ = {
			isa = PBXGroup;
			children = (
				15CF74EE1C557DCB00363A0D /* main.m */,
			);
			name = "Supporting Files";
			sourceTree = "<group>";
		};
		15CF75061C557DCB00363A0D /* helloWorldAssessmentTests */ = {
			isa = PBXGroup;
			children = (
				15CF75071C557DCB00363A0D /* helloWorldAssessmentTests.m */,
				15CF75091C557DCB00363A0D /* Info.plist */,
			);
			path = helloWorldAssessmentTests;
			sourceTree = "<group>";
		};
		15CF75111C557DCB00363A0D /* helloWorldAssessmentUITests */ = {
			isa = PBXGroup;
			children = (
				15CF75121C557DCB00363A0D /* helloWorldAssessmentUITests.m */,
				15CF75141C557DCB00363A0D /* Info.plist */,
			);
			path = helloWorldAssessmentUITests;
			sourceTree = "<group>";
		};
		15CF752A1C57795A00363A0D /* Frameworks */ = {
			isa = PBXGroup;
			children = (
				15CF75391C579C9300363A0D /* Foundation.framework */,
				15CF75281C57794000363A0D /* CoreLocation.framework */,
				15CF75201C57454A00363A0D /* MapKit.framework */,
			);
			name = Frameworks;
			sourceTree = "<group>";
		};
/* End PBXGroup section */

/* Begin PBXNativeTarget section */
		15CF74E91C557DCB00363A0D /* helloWorldAssessment */ = {
			isa = PBXNativeTarget;
			buildConfigurationList = 15CF75171C557DCB00363A0D /* Build configuration list for PBXNativeTarget "helloWorldAssessment" */;
			buildPhases = (
				15CF74E61C557DCB00363A0D /* Sources */,
				15CF74E71C557DCB00363A0D /* Frameworks */,
				15CF74E81C557DCB00363A0D /* Resources */,
			);
			buildRules = (
			);
			dependencies = (
			);
			name = helloWorldAssessment;
			productName = helloWorldAssessment;
			productReference = 15CF74EA1C557DCB00363A0D /* helloWorldAssessment.app */;
			productType = "com.apple.product-type.application";
		};
		15CF75021C557DCB00363A0D /* helloWorldAssessmentTests */ = {
			isa = PBXNativeTarget;
			buildConfigurationList = 15CF751A1C557DCB00363A0D /* Build configuration list for PBXNativeTarget "helloWorldAssessmentTests" */;
			buildPhases = (
				15CF74FF1C557DCB00363A0D /* Sources */,
				15CF75001C557DCB00363A0D /* Frameworks */,
				15CF75011C557DCB00363A0D /* Resources */,
			);
			buildRules = (
			);
			dependencies = (
				15CF75051C557DCB00363A0D /* PBXTargetDependency */,
			);
			name = helloWorldAssessmentTests;
			productName = helloWorldAssessmentTests;
			productReference = 15CF75031C557DCB00363A0D /* helloWorldAssessmentTests.xctest */;
			productType = "com.apple.product-type.bundle.unit-test";
		};
		15CF750D1C557DCB00363A0D /* helloWorldAssessmentUITests */ = {
			isa = PBXNativeTarget;
			buildConfigurationList = 15CF751D1C557DCB00363A0D /* Build configuration list for PBXNativeTarget "helloWorldAssessmentUITests" */;
			buildPhases = (
				15CF750A1C557DCB00363A0D /* Sources */,
				15CF750B1C557DCB00363A0D /* Frameworks */,
				15CF750C1C557DCB00363A0D /* Resources */,
			);
			buildRules = (
			);
			dependencies = (
				15CF75101C557DCB00363A0D /* PBXTargetDependency */,
			);
			name = helloWorldAssessmentUITests;
			productName = helloWorldAssessmentUITests;
			productReference = 15CF750E1C557DCB00363A0D /* helloWorldAssessmentUITests.xctest */;
			productType = "com.apple.product-type.bundle.ui-testing";
		};
/* End PBXNativeTarget section */

/* Begin PBXProject section */
		15CF74E21C557DCB00363A0D /* Project object */ = {
			isa = PBXProject;
			attributes = {
				LastUpgradeCheck = 0720;
				ORGANIZATIONNAME = "Chris Long";
				TargetAttributes = {
					15CF74E91C557DCB00363A0D = {
						CreatedOnToolsVersion = 7.2;
					};
					15CF75021C557DCB00363A0D = {
						CreatedOnToolsVersion = 7.2;
						TestTargetID = 15CF74E91C557DCB00363A0D;
					};
					15CF750D1C557DCB00363A0D = {
						CreatedOnToolsVersion = 7.2;
						TestTargetID = 15CF74E91C557DCB00363A0D;
					};
				};
			};
			buildConfigurationList = 15CF74E51C557DCB00363A0D /* Build configuration list for PBXProject "helloWorldAssessment" */;
			compatibilityVersion = "Xcode 3.2";
			developmentRegion = English;
			hasScannedForEncodings = 0;
			knownRegions = (
				en,
				Base,
			);
			mainGroup = 15CF74E11C557DCB00363A0D;
			productRefGroup = 15CF74EB1C557DCB00363A0D /* Products */;
			projectDirPath = "";
			projectRoot = "";
			targets = (
				15CF74E91C557DCB00363A0D /* helloWorldAssessment */,
				15CF75021C557DCB00363A0D /* helloWorldAssessmentTests */,
				15CF750D1C557DCB00363A0D /* helloWorldAssessmentUITests */,
			);
		};
/* End PBXProject section */

/* Begin PBXResourcesBuildPhase section */
		15CF74E81C557DCB00363A0D /* Resources */ = {
			isa = PBXResourcesBuildPhase;
			buildActionMask = 2147483647;
			files = (
				15CF74FD1C557DCB00363A0D /* LaunchScreen.storyboard in Resources */,
				15CF74FA1C557DCB00363A0D /* Assets.xcassets in Resources */,
				15CF74F81C557DCB00363A0D /* Main.storyboard in Resources */,
			);
			runOnlyForDeploymentPostprocessing = 0;
		};
		15CF75011C557DCB00363A0D /* Resources */ = {
			isa = PBXResourcesBuildPhase;
			buildActionMask = 2147483647;
			files = (
			);
			runOnlyForDeploymentPostprocessing = 0;
		};
		15CF750C1C557DCB00363A0D /* Resources */ = {
			isa = PBXResourcesBuildPhase;
			buildActionMask = 2147483647;
			files = (
			);
			runOnlyForDeploymentPostprocessing = 0;
		};
/* End PBXResourcesBuildPhase section */

/* Begin PBXSourcesBuildPhase section */
		15CF74E61C557DCB00363A0D /* Sources */ = {
			isa = PBXSourcesBuildPhase;
			buildActionMask = 2147483647;
			files = (
				15CF75371C5782FB00363A0D /* LocationManager.m in Sources */,
				15CF74F51C557DCB00363A0D /* ViewController.m in Sources */,
				15CF752F1C577C0E00363A0D /* LocationListBuilder.m in Sources */,
				15CF75311C577E3900363A0D /* JSONCommunication.m in Sources */,
				15CF74F21C557DCB00363A0D /* AppDelegate.m in Sources */,
				15CF75261C5775E000363A0D /* LocationListCell.m in Sources */,
				15CF753C1C57A12000363A0D /* Location.m in Sources */,
				15CF753F1C57A2AD00363A0D /* DetailViewController.m in Sources */,
				15CF74EF1C557DCB00363A0D /* main.m in Sources */,
			);
			runOnlyForDeploymentPostprocessing = 0;
		};
		15CF74FF1C557DCB00363A0D /* Sources */ = {
			isa = PBXSourcesBuildPhase;
			buildActionMask = 2147483647;
			files = (
				15CF75081C557DCB00363A0D /* helloWorldAssessmentTests.m in Sources */,
			);
			runOnlyForDeploymentPostprocessing = 0;
		};
		15CF750A1C557DCB00363A0D /* Sources */ = {
			isa = PBXSourcesBuildPhase;
			buildActionMask = 2147483647;
			files = (
				15CF75131C557DCB00363A0D /* helloWorldAssessmentUITests.m in Sources */,
			);
			runOnlyForDeploymentPostprocessing = 0;
		};
/* End PBXSourcesBuildPhase section */

/* Begin PBXTargetDependency section */
		15CF75051C557DCB00363A0D /* PBXTargetDependency */ = {
			isa = PBXTargetDependency;
			target = 15CF74E91C557DCB00363A0D /* helloWorldAssessment */;
			targetProxy = 15CF75041C557DCB00363A0D /* PBXContainerItemProxy */;
		};
		15CF75101C557DCB00363A0D /* PBXTargetDependency */ = {
			isa = PBXTargetDependency;
			target = 15CF74E91C557DCB00363A0D /* helloWorldAssessment */;
			targetProxy = 15CF750F1C557DCB00363A0D /* PBXContainerItemProxy */;
		};
/* End PBXTargetDependency section */

/* Begin PBXVariantGroup section */
		15CF74F61C557DCB00363A0D /* Main.storyboard */ = {
			isa = PBXVariantGroup;
			children = (
				15CF74F71C557DCB00363A0D /* Base */,
			);
			name = Main.storyboard;
			sourceTree = "<group>";
		};
		15CF74FB1C557DCB00363A0D /* LaunchScreen.storyboard */ = {
			isa = PBXVariantGroup;
			children = (
				15CF74FC1C557DCB00363A0D /* Base */,
			);
			name = LaunchScreen.storyboard;
			sourceTree = "<group>";
		};
/* End PBXVariantGroup section */

/* Begin XCBuildConfiguration section */
		15CF75151C557DCB00363A0D /* Debug */ = {
			isa = XCBuildConfiguration;
			buildSettings = {
				ALWAYS_SEARCH_USER_PATHS = NO;
				CLANG_CXX_LANGUAGE_STANDARD = "gnu++0x";
				CLANG_CXX_LIBRARY = "libc++";
				CLANG_ENABLE_MODULES = YES;
				CLANG_ENABLE_OBJC_ARC = YES;
				CLANG_WARN_BOOL_CONVERSION = YES;
				CLANG_WARN_CONSTANT_CONVERSION = YES;
				CLANG_WARN_DIRECT_OBJC_ISA_USAGE = YES_ERROR;
				CLANG_WARN_EMPTY_BODY = YES;
				CLANG_WARN_ENUM_CONVERSION = YES;
				CLANG_WARN_INT_CONVERSION = YES;
				CLANG_WARN_OBJC_ROOT_CLASS = YES_ERROR;
				CLANG_WARN_UNREACHABLE_CODE = YES;
				CLANG_WARN__DUPLICATE_METHOD_MATCH = YES;
				"CODE_SIGN_IDENTITY[sdk=iphoneos*]" = "iPhone Developer";
				COPY_PHASE_STRIP = NO;
				DEBUG_INFORMATION_FORMAT = dwarf;
				ENABLE_STRICT_OBJC_MSGSEND = YES;
				ENABLE_TESTABILITY = YES;
				GCC_C_LANGUAGE_STANDARD = gnu99;
				GCC_DYNAMIC_NO_PIC = NO;
				GCC_NO_COMMON_BLOCKS = YES;
				GCC_OPTIMIZATION_LEVEL = 0;
				GCC_PREPROCESSOR_DEFINITIONS = (
					"DEBUG=1",
					"$(inherited)",
				);
				GCC_WARN_64_TO_32_BIT_CONVERSION = YES;
				GCC_WARN_ABOUT_RETURN_TYPE = YES_ERROR;
				GCC_WARN_UNDECLARED_SELECTOR = YES;
				GCC_WARN_UNINITIALIZED_AUTOS = YES_AGGRESSIVE;
				GCC_WARN_UNUSED_FUNCTION = YES;
				GCC_WARN_UNUSED_VARIABLE = YES;
				IPHONEOS_DEPLOYMENT_TARGET = 9.2;
				MTL_ENABLE_DEBUG_INFO = YES;
				ONLY_ACTIVE_ARCH = YES;
				SDKROOT = iphoneos;
				TARGETED_DEVICE_FAMILY = "1,2";
			};
			name = Debug;
		};
		15CF75161C557DCB00363A0D /* Release */ = {
			isa = XCBuildConfiguration;
			buildSettings = {
				ALWAYS_SEARCH_USER_PATHS = NO;
				CLANG_CXX_LANGUAGE_STANDARD = "gnu++0x";
				CLANG_CXX_LIBRARY = "libc++";
				CLANG_ENABLE_MODULES = YES;
				CLANG_ENABLE_OBJC_ARC = YES;
				CLANG_WARN_BOOL_CONVERSION = YES;
				CLANG_WARN_CONSTANT_CONVERSION = YES;
				CLANG_WARN_DIRECT_OBJC_ISA_USAGE = YES_ERROR;
				CLANG_WARN_EMPTY_BODY = YES;
				CLANG_WARN_ENUM_CONVERSION = YES;
				CLANG_WARN_INT_CONVERSION = YES;
				CLANG_WARN_OBJC_ROOT_CLASS = YES_ERROR;
				CLANG_WARN_UNREACHABLE_CODE = YES;
				CLANG_WARN__DUPLICATE_METHOD_MATCH = YES;
				"CODE_SIGN_IDENTITY[sdk=iphoneos*]" = "iPhone Developer";
				COPY_PHASE_STRIP = NO;
				DEBUG_INFORMATION_FORMAT = "dwarf-with-dsym";
				ENABLE_NS_ASSERTIONS = NO;
				ENABLE_STRICT_OBJC_MSGSEND = YES;
				GCC_C_LANGUAGE_STANDARD = gnu99;
				GCC_NO_COMMON_BLOCKS = YES;
				GCC_WARN_64_TO_32_BIT_CONVERSION = YES;
				GCC_WARN_ABOUT_RETURN_TYPE = YES_ERROR;
				GCC_WARN_UNDECLARED_SELECTOR = YES;
				GCC_WARN_UNINITIALIZED_AUTOS = YES_AGGRESSIVE;
				GCC_WARN_UNUSED_FUNCTION = YES;
				GCC_WARN_UNUSED_VARIABLE = YES;
				IPHONEOS_DEPLOYMENT_TARGET = 9.2;
				MTL_ENABLE_DEBUG_INFO = NO;
				SDKROOT = iphoneos;
				TARGETED_DEVICE_FAMILY = "1,2";
				VALIDATE_PRODUCT = YES;
			};
			name = Release;
		};
		15CF75181C557DCB00363A0D /* Debug */ = {
			isa = XCBuildConfiguration;
			buildSettings = {
				ASSETCATALOG_COMPILER_APPICON_NAME = AppIcon;
				INFOPLIST_FILE = helloWorldAssessment/Info.plist;
				LD_RUNPATH_SEARCH_PATHS = "$(inherited) @executable_path/Frameworks";
				PRODUCT_BUNDLE_IDENTIFIER = robolytics.helloWorldAssessment;
				PRODUCT_NAME = "$(TARGET_NAME)";
			};
			name = Debug;
		};
		15CF75191C557DCB00363A0D /* Release */ = {
			isa = XCBuildConfiguration;
			buildSettings = {
				ASSETCATALOG_COMPILER_APPICON_NAME = AppIcon;
				INFOPLIST_FILE = helloWorldAssessment/Info.plist;
				LD_RUNPATH_SEARCH_PATHS = "$(inherited) @executable_path/Frameworks";
				PRODUCT_BUNDLE_IDENTIFIER = robolytics.helloWorldAssessment;
				PRODUCT_NAME = "$(TARGET_NAME)";
			};
			name = Release;
		};
		15CF751B1C557DCB00363A0D /* Debug */ = {
			isa = XCBuildConfiguration;
			buildSettings = {
				BUNDLE_LOADER = "$(TEST_HOST)";
				INFOPLIST_FILE = helloWorldAssessmentTests/Info.plist;
				LD_RUNPATH_SEARCH_PATHS = "$(inherited) @executable_path/Frameworks @loader_path/Frameworks";
				PRODUCT_BUNDLE_IDENTIFIER = robolytics.helloWorldAssessmentTests;
				PRODUCT_NAME = "$(TARGET_NAME)";
				TEST_HOST = "$(BUILT_PRODUCTS_DIR)/helloWorldAssessment.app/helloWorldAssessment";
			};
			name = Debug;
		};
		15CF751C1C557DCB00363A0D /* Release */ = {
			isa = XCBuildConfiguration;
			buildSettings = {
				BUNDLE_LOADER = "$(TEST_HOST)";
				INFOPLIST_FILE = helloWorldAssessmentTests/Info.plist;
				LD_RUNPATH_SEARCH_PATHS = "$(inherited) @executable_path/Frameworks @loader_path/Frameworks";
				PRODUCT_BUNDLE_IDENTIFIER = robolytics.helloWorldAssessmentTests;
				PRODUCT_NAME = "$(TARGET_NAME)";
				TEST_HOST = "$(BUILT_PRODUCTS_DIR)/helloWorldAssessment.app/helloWorldAssessment";
			};
			name = Release;
		};
		15CF751E1C557DCB00363A0D /* Debug */ = {
			isa = XCBuildConfiguration;
			buildSettings = {
				INFOPLIST_FILE = helloWorldAssessmentUITests/Info.plist;
				LD_RUNPATH_SEARCH_PATHS = "$(inherited) @executable_path/Frameworks @loader_path/Frameworks";
				PRODUCT_BUNDLE_IDENTIFIER = robolytics.helloWorldAssessmentUITests;
				PRODUCT_NAME = "$(TARGET_NAME)";
				TEST_TARGET_NAME = helloWorldAssessment;
				USES_XCTRUNNER = YES;
			};
			name = Debug;
		};
		15CF751F1C557DCB00363A0D /* Release */ = {
			isa = XCBuildConfiguration;
			buildSettings = {
				INFOPLIST_FILE = helloWorldAssessmentUITests/Info.plist;
				LD_RUNPATH_SEARCH_PATHS = "$(inherited) @executable_path/Frameworks @loader_path/Frameworks";
				PRODUCT_BUNDLE_IDENTIFIER = robolytics.helloWorldAssessmentUITests;
				PRODUCT_NAME = "$(TARGET_NAME)";
				TEST_TARGET_NAME = helloWorldAssessment;
				USES_XCTRUNNER = YES;
			};
			name = Release;
		};
/* End XCBuildConfiguration section */

/* Begin XCConfigurationList section */
		15CF74E51C557DCB00363A0D /* Build configuration list for PBXProject "helloWorldAssessment" */ = {
			isa = XCConfigurationList;
			buildConfigurations = (
				15CF75151C557DCB00363A0D /* Debug */,
				15CF75161C557DCB00363A0D /* Release */,
			);
			defaultConfigurationIsVisible = 0;
			defaultConfigurationName = Release;
		};
		15CF75171C557DCB00363A0D /* Build configuration list for PBXNativeTarget "helloWorldAssessment" */ = {
			isa = XCConfigurationList;
			buildConfigurations = (
				15CF75181C557DCB00363A0D /* Debug */,
				15CF75191C557DCB00363A0D /* Release */,
			);
			defaultConfigurationIsVisible = 0;
		};
		15CF751A1C557DCB00363A0D /* Build configuration list for PBXNativeTarget "helloWorldAssessmentTests" */ = {
			isa = XCConfigurationList;
			buildConfigurations = (
				15CF751B1C557DCB00363A0D /* Debug */,
				15CF751C1C557DCB00363A0D /* Release */,
			);
			defaultConfigurationIsVisible = 0;
		};
		15CF751D1C557DCB00363A0D /* Build configuration list for PBXNativeTarget "helloWorldAssessmentUITests" */ = {
			isa = XCConfigurationList;
			buildConfigurations = (
				15CF751E1C557DCB00363A0D /* Debug */,
				15CF751F1C557DCB00363A0D /* Release */,
			);
			defaultConfigurationIsVisible = 0;
		};
/* End XCConfigurationList section */
	};
	rootObject = 15CF74E21C557DCB00363A0D /* Project object */;
}
